// !$*UTF8*$!
{
	archiveVersion = 1;
	classes = {
	};
	objectVersion = 77;
	objects = {

/* Begin PBXBuildFile section */
		06262550306B8A4D006520F9 /* TeamsList in Frameworks */ = {isa = PBXBuildFile; productRef = 0626254F306B8A4D006520F9 /* TeamsList */; };
		06262552306B8A4D006520F9 /* TeamSquad in Frameworks */ = {isa = PBXBuildFile; productRef = 06262551306B8A4D006520F9 /* TeamSquad */; };
		06262554306B8A4D006520F9 /* PluginAPIs in Frameworks */ = {isa = PBXBuildFile; productRef = 06262553306B8A4D006520F9 /* PluginAPIs */; };
/* End PBXBuildFile section */

/* Begin PBXContainerItemProxy section */
		0626252E306B88C3006520F9 /* PBXContainerItemProxy */ = {
			isa = PBXContainerItemProxy;
			containerPortal = 0626250F306B88C0006520F9 /* Project object */;
			proxyType = 1;
			remoteGlobalIDString = 06262516306B88C0006520F9;
			remoteInfo = "FPL Team Viewer";
		};
		06262538306B88C3006520F9 /* PBXContainerItemProxy */ = {
			isa = PBXContainerItemProxy;
			containerPortal = 0626250F306B88C0006520F9 /* Project object */;
			proxyType = 1;
			remoteGlobalIDString = 06262516306B88C0006520F9;
			remoteInfo = "FPL Team Viewer";
		};
/* End PBXContainerItemProxy section */

/* Begin PBXFileReference section */
		06262517306B88C0006520F9 /* FPL Team Viewer.app */ = {isa = PBXFileReference; explicitFileType = wrapper.application; includeInIndex = 0; path = "FPL Team Viewer.app"; sourceTree = BUILT_PRODUCTS_DIR; };
		0626252D306B88C3006520F9 /* FPL Team ViewerTests.xctest */ = {isa = PBXFileReference; explicitFileType = wrapper.cfbundle; includeInIndex = 0; path = "FPL Team ViewerTests.xctest"; sourceTree = BUILT_PRODUCTS_DIR; };
		06262537306B88C3006520F9 /* FPL Team ViewerUITests.xctest */ = {isa = PBXFileReference; explicitFileType = wrapper.cfbundle; includeInIndex = 0; path = "FPL Team ViewerUITests.xctest"; sourceTree = BUILT_PRODUCTS_DIR; };
/* End PBXFileReference section */

/* Begin PBXFileSystemSynchronizedBuildFileExceptionSet section */
		0626253F306B88C3006520F9 /* Exceptions for "FPL Team Viewer" folder in "FPL Team Viewer" target */ = {
			isa = PBXFileSystemSynchronizedBuildFileExceptionSet;
			membershipExceptions = (
				Info.plist,
			);
			target = 06262516306B88C0006520F9 /* FPL Team Viewer */;
		};
/* End PBXFileSystemSynchronizedBuildFileExceptionSet section */

/* Begin PBXFileSystemSynchronizedRootGroup section */
		06262519306B88C0006520F9 /* FPL Team Viewer */ = {
			isa = PBXFileSystemSynchronizedRootGroup;
			exceptions = (
				0626253F306B88C3006520F9 /* Exceptions for "FPL Team Viewer" folder in "FPL Team Viewer" target */,
			);
			path = "FPL Team Viewer";
			sourceTree = "<group>";
		};
		06262530306B88C3006520F9 /* FPL Team ViewerTests */ = {
			isa = PBXFileSystemSynchronizedRootGroup;
			path = "FPL Team ViewerTests";
			sourceTree = "<group>";
		};
		0626253A306B88C3006520F9 /* FPL Team ViewerUITests */ = {
			isa = PBXFileSystemSynchronizedRootGroup;
			path = "FPL Team ViewerUITests";
			sourceTree = "<group>";
		};
/* End PBXFileSystemSynchronizedRootGroup section */

/* Begin PBXFrameworksBuildPhase section */
		06262514306B88C0006520F9 /* Frameworks */ = {
			isa = PBXFrameworksBuildPhase;
			buildActionMask = 2147483647;
			files = (
				06262552306B8A4D006520F9 /* TeamSquad in Frameworks */,
				06262550306B8A4D006520F9 /* TeamsList in Frameworks */,
				06262554306B8A4D006520F9 /* PluginAPIs in Frameworks */,
			);
			runOnlyForDeploymentPostprocessing = 0;
		};
		0626252A306B88C3006520F9 /* Frameworks */ = {
			isa = PBXFrameworksBuildPhase;
			buildActionMask = 2147483647;
			files = (
			);
			runOnlyForDeploymentPostprocessing = 0;
		};
		06262534306B88C3006520F9 /* Frameworks */ = {
			isa = PBXFrameworksBuildPhase;
			buildActionMask = 2147483647;
			files = (
			);
			runOnlyForDeploymentPostprocessing = 0;
		};
/* End PBXFrameworksBuildPhase section */

/* Begin PBXGroup section */
		0626250E306B88C0006520F9 = {
			isa = PBXGroup;
			children = (
				06262519306B88C0006520F9 /* FPL Team Viewer */,
				06262530306B88C3006520F9 /* FPL Team ViewerTests */,
				0626253A306B88C3006520F9 /* FPL Team ViewerUITests */,
				0626254E306B8A4D006520F9 /* Frameworks */,
				06262518306B88C0006520F9 /* Products */,
			);
			sourceTree = "<group>";
		};
		06262518306B88C0006520F9 /* Products */ = {
			isa = PBXGroup;
			children = (
				06262517306B88C0006520F9 /* FPL Team Viewer.app */,
				0626252D306B88C3006520F9 /* FPL Team ViewerTests.xctest */,
				06262537306B88C3006520F9 /* FPL Team ViewerUITests.xctest */,
			);
			name = Products;
			sourceTree = "<group>";
		};
		0626254E306B8A4D006520F9 /* Frameworks */ = {
			isa = PBXGroup;
			children = (
			);
			name = Frameworks;
			sourceTree = "<group>";
		};
/* End PBXGroup section */

/* Begin PBXNativeTarget section */
		06262516306B88C0006520F9 /* FPL Team Viewer */ = {
			isa = PBXNativeTarget;
			buildConfigurationList = 06262540306B88C3006520F9 /* Build configuration list for PBXNativeTarget "FPL Team Viewer" */;
			buildPhases = (
				06262513306B88C0006520F9 /* Sources */,
				06262514306B88C0006520F9 /* Frameworks */,
				06262515306B88C0006520F9 /* Resources */,
			);
			buildRules = (
			);
			dependencies = (
			);
			fileSystemSynchronizedGroups = (
				06262519306B88C0006520F9 /* FPL Team Viewer */,
			);
			name = "FPL Team Viewer";
			packageProductDependencies = (
				0626254F306B8A4D006520F9 /* TeamsList */,
				06262551306B8A4D006520F9 /* TeamSquad */,
				06262553306B8A4D006520F9 /* PluginAPIs */,
			);
			productName = "FPL Team Viewer";
			productReference = 06262517306B88C0006520F9 /* FPL Team Viewer.app */;
			productType = "com.apple.product-type.application";
		};
		0626252C306B88C3006520F9 /* FPL Team ViewerTests */ = {
			isa = PBXNativeTarget;
			buildConfigurationList = 06262545306B88C3006520F9 /* Build configuration list for PBXNativeTarget "FPL Team ViewerTests" */;
			buildPhases = (
				06262529306B88C3006520F9 /* Sources */,
				0626252A306B88C3006520F9 /* Frameworks */,
				0626252B306B88C3006520F9 /* Resources */,
			);
			buildRules = (
			);
			dependencies = (
				0626252F306B88C3006520F9 /* PBXTargetDependency */,
			);
			fileSystemSynchronizedGroups = (
				06262530306B88C3006520F9 /* FPL Team ViewerTests */,
			);
			name = "FPL Team ViewerTests";
			packageProductDependencies = (
			);
			productName = "FPL Team ViewerTests";
			productReference = 0626252D306B88C3006520F9 /* FPL Team ViewerTests.xctest */;
			productType = "com.apple.product-type.bundle.unit-test";
		};
		06262536306B88C3006520F9 /* FPL Team ViewerUITests */ = {
			isa = PBXNativeTarget;
			buildConfigurationList = 06262548306B88C3006520F9 /* Build configuration list for PBXNativeTarget "FPL Team ViewerUITests" */;
			buildPhases = (
				06262533306B88C3006520F9 /* Sources */,
				06262534306B88C3006520F9 /* Frameworks */,
				06262535306B88C3006520F9 /* Resources */,
			);
			buildRules = (
			);
			dependencies = (
				06262539306B88C3006520F9 /* PBXTargetDependency */,
			);
			fileSystemSynchronizedGroups = (
				0626253A306B88C3006520F9 /* FPL Team ViewerUITests */,
			);
			name = "FPL Team ViewerUITests";
			packageProductDependencies = (
			);
			productName = "FPL Team ViewerUITests";
			productReference = 06262537306B88C3006520F9 /* FPL Team ViewerUITests.xctest */;
			productType = "com.apple.product-type.bundle.ui-testing";
		};
/* End PBXNativeTarget section */

/* Begin PBXProject section */
		0626250F306B88C0006520F9 /* Project object */ = {
			isa = PBXProject;
			attributes = {
				BuildIndependentTargetsInParallel = 1;
				LastSwiftUpdateCheck = 2630;
				LastUpgradeCheck = 2630;
				TargetAttributes = {
					06262516306B88C0006520F9 = {
						CreatedOnToolsVersion = 26.3;
					};
					0626252C306B88C3006520F9 = {
						CreatedOnToolsVersion = 26.3;
						TestTargetID = 06262516306B88C0006520F9;
					};
					06262536306B88C3006520F9 = {
						CreatedOnToolsVersion = 26.3;
						TestTargetID = 06262516306B88C0006520F9;
					};
				};
			};
			buildConfigurationList = 06262512306B88C0006520F9 /* Build configuration list for PBXProject "FPL Team Viewer" */;
			developmentRegion = en;
			hasScannedForEncodings = 0;
			knownRegions = (
				en,
				Base,
			);
			mainGroup = 0626250E306B88C0006520F9;
			minimizedProjectReferenceProxies = 1;
			packageReferences = (
				0626254B306B89A5006520F9 /* XCLocalSwiftPackageReference "Plugins/TeamsList" */,
				0626254C306B8A07006520F9 /* XCLocalSwiftPackageReference "Plugins/TeamSquad" */,
				0626254D306B8A3B006520F9 /* XCLocalSwiftPackageReference "Plugins/PluginAPIs" */,
			);
			preferredProjectObjectVersion = 77;
			productRefGroup = 06262518306B88C0006520F9 /* Products */;
			projectDirPath = "";
			projectRoot = "";
			targets = (
				06262516306B88C0006520F9 /* FPL Team Viewer */,
				0626252C306B88C3006520F9 /* FPL Team ViewerTests */,
				06262536306B88C3006520F9 /* FPL Team ViewerUITests */,
			);
		};
/* End PBXProject section */

/* Begin PBXResourcesBuildPhase section */
		06262515306B88C0006520F9 /* Resources */ = {
			isa = PBXResourcesBuildPhase;
			buildActionMask = 2147483647;
			files = (
			);
			runOnlyForDeploymentPostprocessing = 0;
		};
		0626252B306B88C3006520F9 /* Resources */ = {
			isa = PBXResourcesBuildPhase;
			buildActionMask = 2147483647;
			files = (
			);
			runOnlyForDeploymentPostprocessing = 0;
		};
		06262535306B88C3006520F9 /* Resources */ = {
			isa = PBXResourcesBuildPhase;
			buildActionMask = 2147483647;
			files = (
			);
			runOnlyForDeploymentPostprocessing = 0;
		};
/* End PBXResourcesBuildPhase section */

/* Begin PBXSourcesBuildPhase section */
		06262513306B88C0006520F9 /* Sources */ = {
			isa = PBXSourcesBuildPhase;
			buildActionMask = 2147483647;
			files = (
			);
			runOnlyForDeploymentPostprocessing = 0;
		};
		06262529306B88C3006520F9 /* Sources */ = {
			isa = PBXSourcesBuildPhase;
			buildActionMask = 2147483647;
			files = (
			);
			runOnlyForDeploymentPostprocessing = 0;
		};
		06262533306B88C3006520F9 /* Sources */ = {
			isa = PBXSourcesBuildPhase;
			buildActionMask = 2147483647;
			files = (
			);
			runOnlyForDeploymentPostprocessing = 0;
		};
/* End PBXSourcesBuildPhase section */

/* Begin PBXTargetDependency section */
		0626252F306B88C3006520F9 /* PBXTargetDependency */ = {
			isa = PBXTargetDependency;
			target = 06262516306B88C0006520F9 /* FPL Team Viewer */;
			targetProxy = 0626252E306B88C3006520F9 /* PBXContainerItemProxy */;
		};
		06262539306B88C3006520F9 /* PBXTargetDependency */ = {
			isa = PBXTargetDependency;
			target = 06262516306B88C0006520F9 /* FPL Team Viewer */;
			targetProxy = 06262538306B88C3006520F9 /* PBXContainerItemProxy */;
		};
/* End PBXTargetDependency section */

/* Begin XCBuildConfiguration section */
		06262541306B88C3006520F9 /* Debug */ = {
			isa = XCBuildConfiguration;
			buildSettings = {
				ASSETCATALOG_COMPILER_APPICON_NAME = AppIcon;
				ASSETCATALOG_COMPILER_GLOBAL_ACCENT_COLOR_NAME = AccentColor;
				CODE_SIGN_STYLE = Automatic;
				CURRENT_PROJECT_VERSION = 1;
				GENERATE_INFOPLIST_FILE = YES;
				INFOPLIST_FILE = "FPL Team Viewer/Info.plist";
				INFOPLIST_KEY_UIApplicationSupportsIndirectInputEvents = YES;
				INFOPLIST_KEY_UILaunchStoryboardName = LaunchScreen;
				INFOPLIST_KEY_UISupportedInterfaceOrientations_iPad = "UIInterfaceOrientationPortrait UIInterfaceOrientationPortraitUpsideDown UIInterfaceOrientationLandscapeLeft UIInterfaceOrientationLandscapeRight";
				INFOPLIST_KEY_UISupportedInterfaceOrientations_iPhone = "UIInterfaceOrientationPortrait UIInterfaceOrientationLandscapeLeft UIInterfaceOrientationLandscapeRight";
				LD_RUNPATH_SEARCH_PATHS = (
					"$(inherited)",
					"@executable_path/Frameworks",
				);
				MARKETING_VERSION = 1.0;
				PRODUCT_BUNDLE_IDENTIFIER = "com.test.FPL-Team-Viewer";
				PRODUCT_NAME = "$(TARGET_NAME)";
				STRING_CATALOG_GENERATE_SYMBOLS = YES;
				SWIFT_APPROACHABLE_CONCURRENCY = YES;
				SWIFT_DEFAULT_ACTOR_ISOLATION = MainActor;
				SWIFT_EMIT_LOC_STRINGS = YES;
				SWIFT_UPCOMING_FEATURE_MEMBER_IMPORT_VISIBILITY = YES;
				SWIFT_VERSION = 5.0;
				TARGETED_DEVICE_FAMILY = "1,2";
			};
			name = Debug;
		};
		06262542306B88C3006520F9 /* Release */ = {
			isa = XCBuildConfiguration;
			buildSettings = {
				ASSETCATALOG_COMPILER_APPICON_NAME = AppIcon;
				ASSETCATALOG_COMPILER_GLOBAL_ACCENT_COLOR_NAME = AccentColor;
				CODE_SIGN_STYLE = Automatic;
				CURRENT_PROJECT_VERSION = 1;
				GENERATE_INFOPLIST_FILE = YES;
				INFOPLIST_FILE = "FPL Team Viewer/Info.plist";
				INFOPLIST_KEY_UIApplicationSupportsIndirectInputEvents = YES;
				INFOPLIST_KEY_UILaunchStoryboardName = LaunchScreen;
				INFOPLIST_KEY_UISupportedInterfaceOrientations_iPad = "UIInterfaceOrientationPortrait UIInterfaceOrientationPortraitUpsideDown UIInterfaceOrientationLandscapeLeft UIInterfaceOrientationLandscapeRight";
				INFOPLIST_KEY_UISupportedInterfaceOrientations_iPhone = "UIInterfaceOrientationPortrait UIInterfaceOrientationLandscapeLeft UIInterfaceOrientationLandscapeRight";
				LD_RUNPATH_SEARCH_PATHS = (
					"$(inherited)",
					"@executable_path/Frameworks",
				);
				MARKETING_VERSION = 1.0;
				PRODUCT_BUNDLE_IDENTIFIER = "com.test.FPL-Team-Viewer";
				PRODUCT_NAME = "$(TARGET_NAME)";
				STRING_CATALOG_GENERATE_SYMBOLS = YES;
				SWIFT_APPROACHABLE_CONCURRENCY = YES;
				SWIFT_DEFAULT_ACTOR_ISOLATION = MainActor;
				SWIFT_EMIT_LOC_STRINGS = YES;
				SWIFT_UPCOMING_FEATURE_MEMBER_IMPORT_VISIBILITY = YES;
				SWIFT_VERSION = 5.0;
				TARGETED_DEVICE_FAMILY = "1,2";
			};
			name = Release;
		};
		06262543306B88C3006520F9 /* Debug */ = {
			isa = XCBuildConfiguration;
			buildSettings = {
				ALWAYS_SEARCH_USER_PATHS = NO;
				ASSETCATALOG_COMPILER_GENERATE_SWIFT_ASSET_SYMBOL_EXTENSIONS = YES;
				CLANG_ANALYZER_NONNULL = YES;
				CLANG_ANALYZER_NUMBER_OBJECT_CONVERSION = YES_AGGRESSIVE;
				CLANG_CXX_LANGUAGE_STANDARD = "gnu++20";
				CLANG_ENABLE_MODULES = YES;
				CLANG_ENABLE_OBJC_ARC = YES;
				CLANG_ENABLE_OBJC_WEAK = YES;
				CLANG_WARN_BLOCK_CAPTURE_AUTORELEASING = YES;
				CLANG_WARN_BOOL_CONVERSION = YES;
				CLANG_WARN_COMMA = YES;
				CLANG_WARN_CONSTANT_CONVERSION = YES;
				CLANG_WARN_DEPRECATED_OBJC_IMPLEMENTATIONS = YES;
				CLANG_WARN_DIRECT_OBJC_ISA_USAGE = YES_ERROR;
				CLANG_WARN_DOCUMENTATION_COMMENTS = YES;
				CLANG_WARN_EMPTY_BODY = YES;
				CLANG_WARN_ENUM_CONVERSION = YES;
				CLANG_WARN_INFINITE_RECURSION = YES;
				CLANG_WARN_INT_CONVERSION = YES;
				CLANG_WARN_NON_LITERAL_NULL_CONVERSION = YES;
				CLANG_WARN_OBJC_IMPLICIT_RETAIN_SELF = YES;
				CLANG_WARN_OBJC_LITERAL_CONVERSION = YES;
				CLANG_WARN_OBJC_ROOT_CLASS = YES_ERROR;
				CLANG_WARN_QUOTED_INCLUDE_IN_FRAMEWORK_HEADER = YES;
				CLANG_WARN_RANGE_LOOP_ANALYSIS = YES;
				CLANG_WARN_STRICT_PROTOTYPES = YES;
				CLANG_WARN_SUSPICIOUS_MOVE = YES;
				CLANG_WARN_UNGUARDED_AVAILABILITY = YES_AGGRESSIVE;
				CLANG_WARN_UNREACHABLE_CODE = YES;
				CLANG_WARN__DUPLICATE_METHOD_MATCH = YES;
				COPY_PHASE_STRIP = NO;
				DEBUG_INFORMATION_FORMAT = dwarf;
				ENABLE_STRICT_OBJC_MSGSEND = YES;
				ENABLE_TESTABILITY = YES;
				ENABLE_USER_SCRIPT_SANDBOXING = YES;
				GCC_C_LANGUAGE_STANDARD = gnu17;
				GCC_DYNAMIC_NO_PIC = NO;
				GCC_NO_COMMON_BLOCKS = YES;
				GCC_OPTIMIZATION_LEVEL = 0;
				GCC_PREPROCESSOR_DEFINITIONS = (
					"DEBUG=1",
					"$(inherited)",
				);
				GCC_WARN_64_TO_32_BIT_CONVERSION = YES;
				GCC_WARN_ABOUT_RETURN_TYPE = YES_ERROR;
				GCC_WARN_UNDECLARED_SELECTOR = YES;
				GCC_WARN_UNINITIALIZED_AUTOS = YES_AGGRESSIVE;
				GCC_WARN_UNUSED_FUNCTION = YES;
				GCC_WARN_UNUSED_VARIABLE = YES;
				IPHONEOS_DEPLOYMENT_TARGET = 26.2;
				LOCALIZATION_PREFERS_STRING_CATALOGS = YES;
				MTL_ENABLE_DEBUG_INFO = INCLUDE_SOURCE;
				MTL_FAST_MATH = YES;
				ONLY_ACTIVE_ARCH = YES;
				SDKROOT = iphoneos;
				SWIFT_ACTIVE_COMPILATION_CONDITIONS = "DEBUG $(inherited)";
				SWIFT_OPTIMIZATION_LEVEL = "-Onone";
			};
			name = Debug;
		};
		06262544306B88C3006520F9 /* Release */ = {
			isa = XCBuildConfiguration;
			buildSettings = {
				ALWAYS_SEARCH_USER_PATHS = NO;
				ASSETCATALOG_COMPILER_GENERATE_SWIFT_ASSET_SYMBOL_EXTENSIONS = YES;
				CLANG_ANALYZER_NONNULL = YES;
				CLANG_ANALYZER_NUMBER_OBJECT_CONVERSION = YES_AGGRESSIVE;
				CLANG_CXX_LANGUAGE_STANDARD = "gnu++20";
				CLANG_ENABLE_MODULES = YES;
				CLANG_ENABLE_OBJC_ARC = YES;
				CLANG_ENABLE_OBJC_WEAK = YES;
				CLANG_WARN_BLOCK_CAPTURE_AUTORELEASING = YES;
				CLANG_WARN_BOOL_CONVERSION = YES;
				CLANG_WARN_COMMA = YES;
				CLANG_WARN_CONSTANT_CONVERSION = YES;
				CLANG_WARN_DEPRECATED_OBJC_IMPLEMENTATIONS = YES;
				CLANG_WARN_DIRECT_OBJC_ISA_USAGE = YES_ERROR;
				CLANG_WARN_DOCUMENTATION_COMMENTS = YES;
				CLANG_WARN_EMPTY_BODY = YES;
				CLANG_WARN_ENUM_CONVERSION = YES;
				CLANG_WARN_INFINITE_RECURSION = YES;
				CLANG_WARN_INT_CONVERSION = YES;
				CLANG_WARN_NON_LITERAL_NULL_CONVERSION = YES;
				CLANG_WARN_OBJC_IMPLICIT_RETAIN_SELF = YES;
				CLANG_WARN_OBJC_LITERAL_CONVERSION = YES;
				CLANG_WARN_OBJC_ROOT_CLASS = YES_ERROR;
				CLANG_WARN_QUOTED_INCLUDE_IN_FRAMEWORK_HEADER = YES;
				CLANG_WARN_RANGE_LOOP_ANALYSIS = YES;
				CLANG_WARN_STRICT_PROTOTYPES = YES;
				CLANG_WARN_SUSPICIOUS_MOVE = YES;
				CLANG_WARN_UNGUARDED_AVAILABILITY = YES_AGGRESSIVE;
				CLANG_WARN_UNREACHABLE_CODE = YES;
				CLANG_WARN__DUPLICATE_METHOD_MATCH = YES;
				COPY_PHASE_STRIP = NO;
				DEBUG_INFORMATION_FORMAT = "dwarf-with-dsym";
				ENABLE_NS_ASSERTIONS = NO;
				ENABLE_STRICT_OBJC_MSGSEND = YES;
				ENABLE_USER_SCRIPT_SANDBOXING = YES;
				GCC_C_LANGUAGE_STANDARD = gnu17;
				GCC_NO_COMMON_BLOCKS = YES;
				GCC_WARN_64_TO_32_BIT_CONVERSION = YES;
				GCC_WARN_ABOUT_RETURN_TYPE = YES_ERROR;
				GCC_WARN_UNDECLARED_SELECTOR = YES;
				GCC_WARN_UNINITIALIZED_AUTOS = YES_AGGRESSIVE;
				GCC_WARN_UNUSED_FUNCTION = YES;
				GCC_WARN_UNUSED_VARIABLE = YES;
				IPHONEOS_DEPLOYMENT_TARGET = 26.2;
				LOCALIZATION_PREFERS_STRING_CATALOGS = YES;
				MTL_ENABLE_DEBUG_INFO = NO;
				MTL_FAST_MATH = YES;
				SDKROOT = iphoneos;
				SWIFT_COMPILATION_MODE = wholemodule;
				VALIDATE_PRODUCT = YES;
			};
			name = Release;
		};
		06262546306B88C3006520F9 /* Debug */ = {
			isa = XCBuildConfiguration;
			buildSettings = {
				BUNDLE_LOADER = "$(TEST_HOST)";
				CODE_SIGN_STYLE = Automatic;
				CURRENT_PROJECT_VERSION = 1;
				GENERATE_INFOPLIST_FILE = YES;
				IPHONEOS_DEPLOYMENT_TARGET = 26.2;
				MARKETING_VERSION = 1.0;
				PRODUCT_BUNDLE_IDENTIFIER = "com.test.FPL-Team-ViewerTests";
				PRODUCT_NAME = "$(TARGET_NAME)";
				STRING_CATALOG_GENERATE_SYMBOLS = NO;
				SWIFT_APPROACHABLE_CONCURRENCY = YES;
				SWIFT_EMIT_LOC_STRINGS = NO;
				SWIFT_UPCOMING_FEATURE_MEMBER_IMPORT_VISIBILITY = YES;
				SWIFT_VERSION = 5.0;
				TARGETED_DEVICE_FAMILY = "1,2";
				TEST_HOST = "$(BUILT_PRODUCTS_DIR)/FPL Team Viewer.app/$(BUNDLE_EXECUTABLE_FOLDER_PATH)/FPL Team Viewer";
			};
			name = Debug;
		};
		06262547306B88C3006520F9 /* Release */ = {
			isa = XCBuildConfiguration;
			buildSettings = {
				BUNDLE_LOADER = "$(TEST_HOST)";
				CODE_SIGN_STYLE = Automatic;
				CURRENT_PROJECT_VERSION = 1;
				GENERATE_INFOPLIST_FILE = YES;
				IPHONEOS_DEPLOYMENT_TARGET = 26.2;
				MARKETING_VERSION = 1.0;
				PRODUCT_BUNDLE_IDENTIFIER = "com.test.FPL-Team-ViewerTests";
				PRODUCT_NAME = "$(TARGET_NAME)";
				STRING_CATALOG_GENERATE_SYMBOLS = NO;
				SWIFT_APPROACHABLE_CONCURRENCY = YES;
				SWIFT_EMIT_LOC_STRINGS = NO;
				SWIFT_UPCOMING_FEATURE_MEMBER_IMPORT_VISIBILITY = YES;
				SWIFT_VERSION = 5.0;
				TARGETED_DEVICE_FAMILY = "1,2";
				TEST_HOST = "$(BUILT_PRODUCTS_DIR)/FPL Team Viewer.app/$(BUNDLE_EXECUTABLE_FOLDER_PATH)/FPL Team Viewer";
			};
			name = Release;
		};
		06262549306B88C3006520F9 /* Debug */ = {
			isa = XCBuildConfiguration;
			buildSettings = {
				CODE_SIGN_STYLE = Automatic;
				CURRENT_PROJECT_VERSION = 1;
				GENERATE_INFOPLIST_FILE = YES;
				MARKETING_VERSION = 1.0;
				PRODUCT_BUNDLE_IDENTIFIER = "com.test.FPL-Team-ViewerUITests";
				PRODUCT_NAME = "$(TARGET_NAME)";
				STRING_CATALOG_GENERATE_SYMBOLS = NO;
				SWIFT_APPROACHABLE_CONCURRENCY = YES;
				SWIFT_EMIT_LOC_STRINGS = NO;
				SWIFT_UPCOMING_FEATURE_MEMBER_IMPORT_VISIBILITY = YES;
				SWIFT_VERSION = 5.0;
				TARGETED_DEVICE_FAMILY = "1,2";
				TEST_TARGET_NAME = "FPL Team Viewer";
			};
			name = Debug;
		};
		0626254A306B88C3006520F9 /* Release */ = {
			isa = XCBuildConfiguration;
			buildSettings = {
				CODE_SIGN_STYLE = Automatic;
				CURRENT_PROJECT_VERSION = 1;
				GENERATE_INFOPLIST_FILE = YES;
				MARKETING_VERSION = 1.0;
				PRODUCT_BUNDLE_IDENTIFIER = "com.test.FPL-Team-ViewerUITests";
				PRODUCT_NAME = "$(TARGET_NAME)";
				STRING_CATALOG_GENERATE_SYMBOLS = NO;
				SWIFT_APPROACHABLE_CONCURRENCY = YES;
				SWIFT_EMIT_LOC_STRINGS = NO;
				SWIFT_UPCOMING_FEATURE_MEMBER_IMPORT_VISIBILITY = YES;
				SWIFT_VERSION = 5.0;
				TARGETED_DEVICE_FAMILY = "1,2";
				TEST_TARGET_NAME = "FPL Team Viewer";
			};
			name = Release;
		};
/* End XCBuildConfiguration section */

/* Begin XCConfigurationList section */
		06262512306B88C0006520F9 /* Build configuration list for PBXProject "FPL Team Viewer" */ = {
			isa = XCConfigurationList;
			buildConfigurations = (
				06262543306B88C3006520F9 /* Debug */,
				06262544306B88C3006520F9 /* Release */,
			);
			defaultConfigurationIsVisible = 0;
			defaultConfigurationName = Release;
		};
		06262540306B88C3006520F9 /* Build configuration list for PBXNativeTarget "FPL Team Viewer" */ = {
			isa = XCConfigurationList;
			buildConfigurations = (
				06262541306B88C3006520F9 /* Debug */,
				06262542306B88C3006520F9 /* Release */,
			);
			defaultConfigurationIsVisible = 0;
			defaultConfigurationName = Release;
		};
		06262545306B88C3006520F9 /* Build configuration list for PBXNativeTarget "FPL Team ViewerTests" */ = {
			isa = XCConfigurationList;
			buildConfigurations = (
				06262546306B88C3006520F9 /* Debug */,
				06262547306B88C3006520F9 /* Release */,
			);
			defaultConfigurationIsVisible = 0;
			defaultConfigurationName = Release;
		};
		06262548306B88C3006520F9 /* Build configuration list for PBXNativeTarget "FPL Team ViewerUITests" */ = {
			isa = XCConfigurationList;
			buildConfigurations = (
				06262549306B88C3006520F9 /* Debug */,
				0626254A306B88C3006520F9 /* Release */,
			);
			defaultConfigurationIsVisible = 0;
			defaultConfigurationName = Release;
		};
/* End XCConfigurationList section */

/* Begin XCLocalSwiftPackageReference section */
		0626254B306B89A5006520F9 /* XCLocalSwiftPackageReference "Plugins/TeamsList" */ = {
			isa = XCLocalSwiftPackageReference;
			relativePath = Plugins/TeamsList;
		};
		0626254C306B8A07006520F9 /* XCLocalSwiftPackageReference "Plugins/TeamSquad" */ = {
			isa = XCLocalSwiftPackageReference;
			relativePath = Plugins/TeamSquad;
		};
		0626254D306B8A3B006520F9 /* XCLocalSwiftPackageReference "Plugins/PluginAPIs" */ = {
			isa = XCLocalSwiftPackageReference;
			relativePath = Plugins/PluginAPIs;
		};
/* End XCLocalSwiftPackageReference section */

/* Begin XCSwiftPackageProductDependency section */
		0626254F306B8A4D006520F9 /* TeamsList */ = {
			isa = XCSwiftPackageProductDependency;
			package = 0626254B306B89A5006520F9 /* XCLocalSwiftPackageReference "Plugins/TeamsList" */;
			productName = TeamsList;
		};
		06262551306B8A4D006520F9 /* TeamSquad */ = {
			isa = XCSwiftPackageProductDependency;
			package = 0626254C306B8A07006520F9 /* XCLocalSwiftPackageReference "Plugins/TeamSquad" */;
			productName = TeamSquad;
		};
		06262553306B8A4D006520F9 /* PluginAPIs */ = {
			isa = XCSwiftPackageProductDependency;
			package = 0626254D306B8A3B006520F9 /* XCLocalSwiftPackageReference "Plugins/PluginAPIs" */;
			productName = PluginAPIs;
		};
/* End XCSwiftPackageProductDependency section */
	};
	rootObject = 0626250F306B88C0006520F9 /* Project object */;
}
